
Microsoft Visual Studio Solution File, Format Version 12.00
# Visual Studio Version 16
VisualStudioVersion = 16.0.31321.278
MinimumVisualStudioVersion = 10.0.40219.1
Project("{9A19103F-16F7-4668-BE54-9A1E7A4F7556}") = "SmartSchool.WebApi", "SmartSchool.WebApi\SmartSchool.WebApi.csproj", "{657064E6-DFC9-43A6-9FDE-C0215D6A7F63}"
EndProject
Project("{9A19103F-16F7-4668-BE54-9A1E7A4F7556}") = "SmartSchool.Domain", "SmartSchool.Domain\SmartSchool.Domain.csproj", "{13FBA76B-79E0-4AEA-BDC0-F11A72033ECE}"
EndProject
Project("{9A19103F-16F7-4668-BE54-9A1E7A4F7556}") = "SmartSchool.Service", "SmartSchool.Service\SmartSchool.Service.csproj", "{71EC34BB-71FA-4DC9-80E6-ECE9E851DC88}"
EndProject
Project("{2150E333-8FDC-42A3-9474-1A3956D46DE8}") = "0 - Presentation", "0 - Presentation", "{EF80C058-6E23-4F58-9633-CEAE441857C3}"
EndProject
Project("{2150E333-8FDC-42A3-9474-1A3956D46DE8}") = "1 - Service", "1 - Service", "{274ECAAF-9721-4DC0-8169-04415550A8B9}"
EndProject
Project("{2150E333-8FDC-42A3-9474-1A3956D46DE8}") = "3 - Domain", "3 - Domain", "{775D7A54-6616-451A-82AB-DA17C8840B2D}"
EndProject
Project("{2150E333-8FDC-42A3-9474-1A3956D46DE8}") = "4 - Infra", "4 - Infra", "{5F2ECE54-F221-453B-BC9C-23587AB789E8}"
EndProject
Project("{2150E333-8FDC-42A3-9474-1A3956D46DE8}") = "4.01 - Data", "4.01 - Data", "{61E0EC74-F544-404B-82B5-3F08528F0CE9}"
EndProject
Project("{2150E333-8FDC-42A3-9474-1A3956D46DE8}") = "4.02 - CrossCutting", "4.02 - CrossCutting", "{27D55F74-E285-4AAF-8204-FF0143845CA5}"
EndProject
Project("{9A19103F-16F7-4668-BE54-9A1E7A4F7556}") = "SmartSchool.Infra.CrossCutting", "SmartSchool.Infra.CrossCutting\SmartSchool.Infra.CrossCutting.csproj", "{1690B9FE-FC30-4411-8D65-5BDCEB41374F}"
EndProject
Project("{9A19103F-16F7-4668-BE54-9A1E7A4F7556}") = "SmartSchool.Infra.Data", "SmartSchool.Infra.Data\SmartSchool.Infra.Data.csproj", "{1A97C1CD-A94E-4F65-92FF-7482D4AA5873}"
EndProject
Project("{2150E333-8FDC-42A3-9474-1A3956D46DE8}") = "4.03 - Utilities", "4.03 - Utilities", "{F6A5873D-7187-4B67-800A-E6C9BF550A42}"
EndProject
Project("{9A19103F-16F7-4668-BE54-9A1E7A4F7556}") = "SmartSchool.Infra.Utilities", "SmartSchool.Infra.Utilities\SmartSchool.Infra.Utilities.csproj", "{D14E250D-EA42-4B0A-82A2-591C00003C1C}"
EndProject
Project("{2150E333-8FDC-42A3-9474-1A3956D46DE8}") = "5 - Tests", "5 - Tests", "{3F643FBC-848F-4769-8BCB-B6057A9AE77D}"
EndProject
Project("{9A19103F-16F7-4668-BE54-9A1E7A4F7556}") = "SmartSchoolTests", "SmartSchoolTests\SmartSchoolTests.csproj", "{D08FBABA-F41B-4F4F-B5D6-CC30125C1888}"
EndProject
Project("{2150E333-8FDC-42A3-9474-1A3956D46DE8}") = "2 - Application", "2 - Application", "{E401EC76-43DB-47F3-8258-AB0F943A8739}"
EndProject
Project("{9A19103F-16F7-4668-BE54-9A1E7A4F7556}") = "SmartSchool.Application", "SmartSchool.Application\SmartSchool.Application.csproj", "{14CC1237-2815-41F8-B9E5-5F640DDB1323}"
EndProject
Project("{E53339B2-1760-4266-BCC7-CA923CBCF16C}") = "docker-compose", "docker-compose.dcproj", "{F7799F37-70DD-4BD2-B8B4-2772821DDDB9}"
EndProject
Global
	GlobalSection(SolutionConfigurationPlatforms) = preSolution
		Debug|Any CPU = Debug|Any CPU
		Release|Any CPU = Release|Any CPU
	EndGlobalSection
	GlobalSection(ProjectConfigurationPlatforms) = postSolution
		{657064E6-DFC9-43A6-9FDE-C0215D6A7F63}.Debug|Any CPU.ActiveCfg = Debug|Any CPU
		{657064E6-DFC9-43A6-9FDE-C0215D6A7F63}.Debug|Any CPU.Build.0 = Debug|Any CPU
		{657064E6-DFC9-43A6-9FDE-C0215D6A7F63}.Release|Any CPU.ActiveCfg = Release|Any CPU
		{657064E6-DFC9-43A6-9FDE-C0215D6A7F63}.Release|Any CPU.Build.0 = Release|Any CPU
		{13FBA76B-79E0-4AEA-BDC0-F11A72033ECE}.Debug|Any CPU.ActiveCfg = Debug|Any CPU
		{13FBA76B-79E0-4AEA-BDC0-F11A72033ECE}.Debug|Any CPU.Build.0 = Debug|Any CPU
		{13FBA76B-79E0-4AEA-BDC0-F11A72033ECE}.Release|Any CPU.ActiveCfg = Release|Any CPU
		{13FBA76B-79E0-4AEA-BDC0-F11A72033ECE}.Release|Any CPU.Build.0 = Release|Any CPU
		{71EC34BB-71FA-4DC9-80E6-ECE9E851DC88}.Debug|Any CPU.ActiveCfg = Debug|Any CPU
		{71EC34BB-71FA-4DC9-80E6-ECE9E851DC88}.Debug|Any CPU.Build.0 = Debug|Any CPU
		{71EC34BB-71FA-4DC9-80E6-ECE9E851DC88}.Release|Any CPU.ActiveCfg = Release|Any CPU
		{71EC34BB-71FA-4DC9-80E6-ECE9E851DC88}.Release|Any CPU.Build.0 = Release|Any CPU
		{1690B9FE-FC30-4411-8D65-5BDCEB41374F}.Debug|Any CPU.ActiveCfg = Debug|Any CPU
		{1690B9FE-FC30-4411-8D65-5BDCEB41374F}.Debug|Any CPU.Build.0 = Debug|Any CPU
		{1690B9FE-FC30-4411-8D65-5BDCEB41374F}.Release|Any CPU.ActiveCfg = Release|Any CPU
		{1690B9FE-FC30-4411-8D65-5BDCEB41374F}.Release|Any CPU.Build.0 = Release|Any CPU
		{1A97C1CD-A94E-4F65-92FF-7482D4AA5873}.Debug|Any CPU.ActiveCfg = Debug|Any CPU
		{1A97C1CD-A94E-4F65-92FF-7482D4AA5873}.Debug|Any CPU.Build.0 = Debug|Any CPU
		{1A97C1CD-A94E-4F65-92FF-7482D4AA5873}.Release|Any CPU.ActiveCfg = Release|Any CPU
		{1A97C1CD-A94E-4F65-92FF-7482D4AA5873}.Release|Any CPU.Build.0 = Release|Any CPU
		{D14E250D-EA42-4B0A-82A2-591C00003C1C}.Debug|Any CPU.ActiveCfg = Debug|Any CPU
		{D14E250D-EA42-4B0A-82A2-591C00003C1C}.Debug|Any CPU.Build.0 = Debug|Any CPU
		{D14E250D-EA42-4B0A-82A2-591C00003C1C}.Release|Any CPU.ActiveCfg = Release|Any CPU
		{D14E250D-EA42-4B0A-82A2-591C00003C1C}.Release|Any CPU.Build.0 = Release|Any CPU
		{D08FBABA-F41B-4F4F-B5D6-CC30125C1888}.Debug|Any CPU.ActiveCfg = Debug|Any CPU
		{D08FBABA-F41B-4F4F-B5D6-CC30125C1888}.Debug|Any CPU.Build.0 = Debug|Any CPU
		{D08FBABA-F41B-4F4F-B5D6-CC30125C1888}.Release|Any CPU.ActiveCfg = Release|Any CPU
		{D08FBABA-F41B-4F4F-B5D6-CC30125C1888}.Release|Any CPU.Build.0 = Release|Any CPU
		{14CC1237-2815-41F8-B9E5-5F640DDB1323}.Debug|Any CPU.ActiveCfg = Debug|Any CPU
		{14CC1237-2815-41F8-B9E5-5F640DDB1323}.Debug|Any CPU.Build.0 = Debug|Any CPU
		{14CC1237-2815-41F8-B9E5-5F640DDB1323}.Release|Any CPU.ActiveCfg = Release|Any CPU
		{14CC1237-2815-41F8-B9E5-5F640DDB1323}.Release|Any CPU.Build.0 = Release|Any CPU
		{F7799F37-70DD-4BD2-B8B4-2772821DDDB9}.Debug|Any CPU.ActiveCfg = Debug|Any CPU
		{F7799F37-70DD-4BD2-B8B4-2772821DDDB9}.Debug|Any CPU.Build.0 = Debug|Any CPU
		{F7799F37-70DD-4BD2-B8B4-2772821DDDB9}.Release|Any CPU.ActiveCfg = Release|Any CPU
		{F7799F37-70DD-4BD2-B8B4-2772821DDDB9}.Release|Any CPU.Build.0 = Release|Any CPU
	EndGlobalSection
	GlobalSection(SolutionProperties) = preSolution
		HideSolutionNode = FALSE
	EndGlobalSection
	GlobalSection(NestedProjects) = preSolution
		{657064E6-DFC9-43A6-9FDE-C0215D6A7F63} = {EF80C058-6E23-4F58-9633-CEAE441857C3}
		{13FBA76B-79E0-4AEA-BDC0-F11A72033ECE} = {775D7A54-6616-451A-82AB-DA17C8840B2D}
		{71EC34BB-71FA-4DC9-80E6-ECE9E851DC88} = {274ECAAF-9721-4DC0-8169-04415550A8B9}
		{61E0EC74-F544-404B-82B5-3F08528F0CE9} = {5F2ECE54-F221-453B-BC9C-23587AB789E8}
		{27D55F74-E285-4AAF-8204-FF0143845CA5} = {5F2ECE54-F221-453B-BC9C-23587AB789E8}
		{1690B9FE-FC30-4411-8D65-5BDCEB41374F} = {27D55F74-E285-4AAF-8204-FF0143845CA5}
		{1A97C1CD-A94E-4F65-92FF-7482D4AA5873} = {61E0EC74-F544-404B-82B5-3F08528F0CE9}
		{F6A5873D-7187-4B67-800A-E6C9BF550A42} = {5F2ECE54-F221-453B-BC9C-23587AB789E8}
		{D14E250D-EA42-4B0A-82A2-591C00003C1C} = {F6A5873D-7187-4B67-800A-E6C9BF550A42}
		{D08FBABA-F41B-4F4F-B5D6-CC30125C1888} = {3F643FBC-848F-4769-8BCB-B6057A9AE77D}
		{14CC1237-2815-41F8-B9E5-5F640DDB1323} = {E401EC76-43DB-47F3-8258-AB0F943A8739}
	EndGlobalSection
	GlobalSection(ExtensibilityGlobals) = postSolution
		SolutionGuid = {16F79E55-258C-43FB-819D-D710CAAC5E40}
	EndGlobalSection
EndGlobal
